
Microsoft Visual Studio Solution File, Format Version 12.00
# Visual Studio 15
VisualStudioVersion = 15.0.28307.539
MinimumVisualStudioVersion = 10.0.40219.1
Project("{FAE04EC0-301F-11D3-BF4B-00C04F79EFBC}") = "Dependency_Injection", "Dependency_Injection\Dependency_Injection.csproj", "{D9CD0F62-DF4B-4FB5-AA17-733D15DBE88A}"
EndProject
Global
	GlobalSection(SolutionConfigurationPlatforms) = preSolution
		Debug|Any CPU = Debug|Any CPU
		Release|Any CPU = Release|Any CPU
	EndGlobalSection
	GlobalSection(ProjectConfigurationPlatforms) = postSolution
		{D9CD0F62-DF4B-4FB5-AA17-733D15DBE88A}.Debug|Any CPU.ActiveCfg = Debug|Any CPU
		{D9CD0F62-DF4B-4FB5-AA17-733D15DBE88A}.Debug|Any CPU.Build.0 = Debug|Any CPU
		{D9CD0F62-DF4B-4FB5-AA17-733D15DBE88A}.Release|Any CPU.ActiveCfg = Release|Any CPU
		{D9CD0F62-DF4B-4FB5-AA17-733D15DBE88A}.Release|Any CPU.Build.0 = Release|Any CPU
	EndGlobalSection
	GlobalSection(SolutionProperties) = preSolution
		HideSolutionNode = FALSE
	EndGlobalSection
	GlobalSection(ExtensibilityGlobals) = postSolution
		SolutionGuid = {1F06F6D8-0A49-43A1-8687-AEB8D02147DB}
	EndGlobalSection
EndGlobal
