
Microsoft Visual Studio Solution File, Format Version 12.00
# Visual Studio 15
VisualStudioVersion = 15.0.28307.539
MinimumVisualStudioVersion = 10.0.40219.1
Project("{FAE04EC0-301F-11D3-BF4B-00C04F79EFBC}") = "Class_Object", "Class_Object\Class_Object.csproj", "{D909ADA1-116E-4E53-9337-5658CDE05A8D}"
EndProject
Project("{2150E333-8FDC-42A3-9474-1A3956D46DE8}") = "Solution Items", "Solution Items", "{771734B9-97E8-47CB-A777-7697AE7A2624}"
EndProject
Global
	GlobalSection(SolutionConfigurationPlatforms) = preSolution
		Debug|Any CPU = Debug|Any CPU
		Release|Any CPU = Release|Any CPU
	EndGlobalSection
	GlobalSection(ProjectConfigurationPlatforms) = postSolution
		{D909ADA1-116E-4E53-9337-5658CDE05A8D}.Debug|Any CPU.ActiveCfg = Debug|Any CPU
		{D909ADA1-116E-4E53-9337-5658CDE05A8D}.Debug|Any CPU.Build.0 = Debug|Any CPU
		{D909ADA1-116E-4E53-9337-5658CDE05A8D}.Release|Any CPU.ActiveCfg = Release|Any CPU
		{D909ADA1-116E-4E53-9337-5658CDE05A8D}.Release|Any CPU.Build.0 = Release|Any CPU
	EndGlobalSection
	GlobalSection(SolutionProperties) = preSolution
		HideSolutionNode = FALSE
	EndGlobalSection
	GlobalSection(ExtensibilityGlobals) = postSolution
		SolutionGuid = {14C2BDB5-8876-49B7-8E5E-F7C392633EDE}
	EndGlobalSection
EndGlobal
