
Microsoft Visual Studio Solution File, Format Version 12.00
# Visual Studio 15
VisualStudioVersion = 15.0.28307.539
MinimumVisualStudioVersion = 10.0.40219.1
Project("{FAE04EC0-301F-11D3-BF4B-00C04F79EFBC}") = "Interface", "Interface\Interface.csproj", "{F66EB99F-B937-4300-A6E5-D828944C882E}"
EndProject
Global
	GlobalSection(SolutionConfigurationPlatforms) = preSolution
		Debug|Any CPU = Debug|Any CPU
		Release|Any CPU = Release|Any CPU
	EndGlobalSection
	GlobalSection(ProjectConfigurationPlatforms) = postSolution
		{F66EB99F-B937-4300-A6E5-D828944C882E}.Debug|Any CPU.ActiveCfg = Debug|Any CPU
		{F66EB99F-B937-4300-A6E5-D828944C882E}.Debug|Any CPU.Build.0 = Debug|Any CPU
		{F66EB99F-B937-4300-A6E5-D828944C882E}.Release|Any CPU.ActiveCfg = Release|Any CPU
		{F66EB99F-B937-4300-A6E5-D828944C882E}.Release|Any CPU.Build.0 = Release|Any CPU
	EndGlobalSection
	GlobalSection(SolutionProperties) = preSolution
		HideSolutionNode = FALSE
	EndGlobalSection
	GlobalSection(ExtensibilityGlobals) = postSolution
		SolutionGuid = {CDE14405-2A61-43FD-ACC1-D10703FDE843}
	EndGlobalSection
EndGlobal
