
Microsoft Visual Studio Solution File, Format Version 12.00
# Visual Studio 15
VisualStudioVersion = 15.0.28307.539
MinimumVisualStudioVersion = 10.0.40219.1
Project("{FAE04EC0-301F-11D3-BF4B-00C04F79EFBC}") = "Static", "Static\Static.csproj", "{3A3686A7-7246-41CA-9A79-35068C560EFC}"
EndProject
Global
	GlobalSection(SolutionConfigurationPlatforms) = preSolution
		Debug|Any CPU = Debug|Any CPU
		Release|Any CPU = Release|Any CPU
	EndGlobalSection
	GlobalSection(ProjectConfigurationPlatforms) = postSolution
		{3A3686A7-7246-41CA-9A79-35068C560EFC}.Debug|Any CPU.ActiveCfg = Debug|Any CPU
		{3A3686A7-7246-41CA-9A79-35068C560EFC}.Debug|Any CPU.Build.0 = Debug|Any CPU
		{3A3686A7-7246-41CA-9A79-35068C560EFC}.Release|Any CPU.ActiveCfg = Release|Any CPU
		{3A3686A7-7246-41CA-9A79-35068C560EFC}.Release|Any CPU.Build.0 = Release|Any CPU
	EndGlobalSection
	GlobalSection(SolutionProperties) = preSolution
		HideSolutionNode = FALSE
	EndGlobalSection
	GlobalSection(ExtensibilityGlobals) = postSolution
		SolutionGuid = {D71D15F6-F5B1-456B-B13A-9BC31F8C97C9}
	EndGlobalSection
EndGlobal
