
Microsoft Visual Studio Solution File, Format Version 12.00
# Visual Studio 15
VisualStudioVersion = 15.0.28307.539
MinimumVisualStudioVersion = 10.0.40219.1
Project("{FAE04EC0-301F-11D3-BF4B-00C04F79EFBC}") = "methodHiding", "methodHiding\methodHiding.csproj", "{0EB199E7-F703-43C4-8D6D-8553D96A8D8D}"
EndProject
Global
	GlobalSection(SolutionConfigurationPlatforms) = preSolution
		Debug|Any CPU = Debug|Any CPU
		Release|Any CPU = Release|Any CPU
	EndGlobalSection
	GlobalSection(ProjectConfigurationPlatforms) = postSolution
		{0EB199E7-F703-43C4-8D6D-8553D96A8D8D}.Debug|Any CPU.ActiveCfg = Debug|Any CPU
		{0EB199E7-F703-43C4-8D6D-8553D96A8D8D}.Debug|Any CPU.Build.0 = Debug|Any CPU
		{0EB199E7-F703-43C4-8D6D-8553D96A8D8D}.Release|Any CPU.ActiveCfg = Release|Any CPU
		{0EB199E7-F703-43C4-8D6D-8553D96A8D8D}.Release|Any CPU.Build.0 = Release|Any CPU
	EndGlobalSection
	GlobalSection(SolutionProperties) = preSolution
		HideSolutionNode = FALSE
	EndGlobalSection
	GlobalSection(ExtensibilityGlobals) = postSolution
		SolutionGuid = {B734EE98-3F06-4AD2-B5D4-B8444CC4D535}
	EndGlobalSection
EndGlobal
